
Microsoft Visual Studio Solution File, Format Version 12.00
# Visual Studio Version 17
VisualStudioVersion = 17.9.34607.119
MinimumVisualStudioVersion = 10.0.40219.1
Project("{FAE04EC0-301F-11D3-BF4B-00C04F79EFBC}") = "GAME_AI_TIC TAC TOE", "GAME_AI_TIC TAC TOE.csproj", "{7C33F8E7-0837-4BB2-9CE7-48663CA2A91A}"
EndProject
Global
	GlobalSection(SolutionConfigurationPlatforms) = preSolution
		Debug|Any CPU = Debug|Any CPU
		Release|Any CPU = Release|Any CPU
	EndGlobalSection
	GlobalSection(ProjectConfigurationPlatforms) = postSolution
		{7C33F8E7-0837-4BB2-9CE7-48663CA2A91A}.Debug|Any CPU.ActiveCfg = Debug|Any CPU
		{7C33F8E7-0837-4BB2-9CE7-48663CA2A91A}.Debug|Any CPU.Build.0 = Debug|Any CPU
		{7C33F8E7-0837-4BB2-9CE7-48663CA2A91A}.Release|Any CPU.ActiveCfg = Release|Any CPU
		{7C33F8E7-0837-4BB2-9CE7-48663CA2A91A}.Release|Any CPU.Build.0 = Release|Any CPU
	EndGlobalSection
	GlobalSection(SolutionProperties) = preSolution
		HideSolutionNode = FALSE
	EndGlobalSection
	GlobalSection(ExtensibilityGlobals) = postSolution
		SolutionGuid = {FA90C690-D4C8-4DAC-948D-3E34953953D9}
	EndGlobalSection
EndGlobal
